
Microsoft Visual Studio Solution File, Format Version 12.00
# Visual Studio Version 17
VisualStudioVersion = 17.4.33205.214
MinimumVisualStudioVersion = 10.0.40219.1
Project("{FAE04EC0-301F-11D3-BF4B-00C04F79EFBC}") = "GeneratorAudio", "GeneratorAudio.csproj", "{F3C0D379-04B3-4B0F-AD9B-BF391B6AA47A}"
EndProject
Global
	GlobalSection(SolutionConfigurationPlatforms) = preSolution
		Debug|Any CPU = Debug|Any CPU
		Release|Any CPU = Release|Any CPU
	EndGlobalSection
	GlobalSection(ProjectConfigurationPlatforms) = postSolution
		{F3C0D379-04B3-4B0F-AD9B-BF391B6AA47A}.Debug|Any CPU.ActiveCfg = Debug|Any CPU
		{F3C0D379-04B3-4B0F-AD9B-BF391B6AA47A}.Debug|Any CPU.Build.0 = Debug|Any CPU
		{F3C0D379-04B3-4B0F-AD9B-BF391B6AA47A}.Release|Any CPU.ActiveCfg = Release|Any CPU
		{F3C0D379-04B3-4B0F-AD9B-BF391B6AA47A}.Release|Any CPU.Build.0 = Release|Any CPU
	EndGlobalSection
	GlobalSection(SolutionProperties) = preSolution
		HideSolutionNode = FALSE
	EndGlobalSection
	GlobalSection(ExtensibilityGlobals) = postSolution
		SolutionGuid = {52230F74-CA1E-48FD-ADA6-FD1D6D3FE5C5}
	EndGlobalSection
EndGlobal
